
Microsoft Visual Studio Solution File, Format Version 12.00
# Visual Studio Version 16
VisualStudioVersion = 16.0.31605.320
MinimumVisualStudioVersion = 10.0.40219.1
Project("{FAE04EC0-301F-11D3-BF4B-00C04F79EFBC}") = "Aufgabe_01", "Aufgabe_01\Aufgabe_01.csproj", "{2779A20F-BC31-4C86-BE49-76153960719C}"
EndProject
Global
	GlobalSection(SolutionConfigurationPlatforms) = preSolution
		Debug|Any CPU = Debug|Any CPU
		Release|Any CPU = Release|Any CPU
	EndGlobalSection
	GlobalSection(ProjectConfigurationPlatforms) = postSolution
		{2779A20F-BC31-4C86-BE49-76153960719C}.Debug|Any CPU.ActiveCfg = Debug|Any CPU
		{2779A20F-BC31-4C86-BE49-76153960719C}.Debug|Any CPU.Build.0 = Debug|Any CPU
		{2779A20F-BC31-4C86-BE49-76153960719C}.Release|Any CPU.ActiveCfg = Release|Any CPU
		{2779A20F-BC31-4C86-BE49-76153960719C}.Release|Any CPU.Build.0 = Release|Any CPU
	EndGlobalSection
	GlobalSection(SolutionProperties) = preSolution
		HideSolutionNode = FALSE
	EndGlobalSection
	GlobalSection(ExtensibilityGlobals) = postSolution
		SolutionGuid = {4F6AC345-E0B5-417F-B30C-8B2B4F1CC1E6}
	EndGlobalSection
EndGlobal
