
Microsoft Visual Studio Solution File, Format Version 12.00
# Visual Studio Version 16
VisualStudioVersion = 16.0.31702.278
MinimumVisualStudioVersion = 10.0.40219.1
Project("{FAE04EC0-301F-11D3-BF4B-00C04F79EFBC}") = "Aufgabe_03", "Aufgabe_03\Aufgabe_03.csproj", "{7D05D591-22C4-4179-B727-CCB186B9488F}"
EndProject
Global
	GlobalSection(SolutionConfigurationPlatforms) = preSolution
		Debug|Any CPU = Debug|Any CPU
		Release|Any CPU = Release|Any CPU
	EndGlobalSection
	GlobalSection(ProjectConfigurationPlatforms) = postSolution
		{7D05D591-22C4-4179-B727-CCB186B9488F}.Debug|Any CPU.ActiveCfg = Debug|Any CPU
		{7D05D591-22C4-4179-B727-CCB186B9488F}.Debug|Any CPU.Build.0 = Debug|Any CPU
		{7D05D591-22C4-4179-B727-CCB186B9488F}.Release|Any CPU.ActiveCfg = Release|Any CPU
		{7D05D591-22C4-4179-B727-CCB186B9488F}.Release|Any CPU.Build.0 = Release|Any CPU
	EndGlobalSection
	GlobalSection(SolutionProperties) = preSolution
		HideSolutionNode = FALSE
	EndGlobalSection
	GlobalSection(ExtensibilityGlobals) = postSolution
		SolutionGuid = {BF60053D-E3E5-4AF0-84B4-7892EF6799FB}
	EndGlobalSection
EndGlobal
