
Microsoft Visual Studio Solution File, Format Version 12.00
# Visual Studio Version 16
VisualStudioVersion = 16.0.31702.278
MinimumVisualStudioVersion = 10.0.40219.1
Project("{FAE04EC0-301F-11D3-BF4B-00C04F79EFBC}") = "Aufgabe_05", "Aufgabe_05\Aufgabe_05.csproj", "{9ED422C2-1716-46E1-B34C-AC6A936003CB}"
EndProject
Global
	GlobalSection(SolutionConfigurationPlatforms) = preSolution
		Debug|Any CPU = Debug|Any CPU
		Release|Any CPU = Release|Any CPU
	EndGlobalSection
	GlobalSection(ProjectConfigurationPlatforms) = postSolution
		{9ED422C2-1716-46E1-B34C-AC6A936003CB}.Debug|Any CPU.ActiveCfg = Debug|Any CPU
		{9ED422C2-1716-46E1-B34C-AC6A936003CB}.Debug|Any CPU.Build.0 = Debug|Any CPU
		{9ED422C2-1716-46E1-B34C-AC6A936003CB}.Release|Any CPU.ActiveCfg = Release|Any CPU
		{9ED422C2-1716-46E1-B34C-AC6A936003CB}.Release|Any CPU.Build.0 = Release|Any CPU
	EndGlobalSection
	GlobalSection(SolutionProperties) = preSolution
		HideSolutionNode = FALSE
	EndGlobalSection
	GlobalSection(ExtensibilityGlobals) = postSolution
		SolutionGuid = {E21F4F33-4332-420C-A232-8D5CF253E964}
	EndGlobalSection
EndGlobal
