
Microsoft Visual Studio Solution File, Format Version 12.00
# Visual Studio Version 16
VisualStudioVersion = 16.0.31605.320
MinimumVisualStudioVersion = 10.0.40219.1
Project("{FAE04EC0-301F-11D3-BF4B-00C04F79EFBC}") = "Aufgabe_09", "Aufgabe_09\Aufgabe_09.csproj", "{E9176152-8094-4294-827A-35B0C9D1CB58}"
EndProject
Project("{FAE04EC0-301F-11D3-BF4B-00C04F79EFBC}") = "UnitTestProjectConverter", "UnitTestProjectConverter\UnitTestProjectConverter.csproj", "{5B007871-0759-420E-A392-D90CB3E2B0C1}"
	ProjectSection(ProjectDependencies) = postProject
		{E9176152-8094-4294-827A-35B0C9D1CB58} = {E9176152-8094-4294-827A-35B0C9D1CB58}
	EndProjectSection
EndProject
Global
	GlobalSection(SolutionConfigurationPlatforms) = preSolution
		Debug|Any CPU = Debug|Any CPU
		Release|Any CPU = Release|Any CPU
	EndGlobalSection
	GlobalSection(ProjectConfigurationPlatforms) = postSolution
		{E9176152-8094-4294-827A-35B0C9D1CB58}.Debug|Any CPU.ActiveCfg = Debug|Any CPU
		{E9176152-8094-4294-827A-35B0C9D1CB58}.Debug|Any CPU.Build.0 = Debug|Any CPU
		{E9176152-8094-4294-827A-35B0C9D1CB58}.Release|Any CPU.ActiveCfg = Release|Any CPU
		{E9176152-8094-4294-827A-35B0C9D1CB58}.Release|Any CPU.Build.0 = Release|Any CPU
		{5B007871-0759-420E-A392-D90CB3E2B0C1}.Debug|Any CPU.ActiveCfg = Debug|Any CPU
		{5B007871-0759-420E-A392-D90CB3E2B0C1}.Debug|Any CPU.Build.0 = Debug|Any CPU
		{5B007871-0759-420E-A392-D90CB3E2B0C1}.Release|Any CPU.ActiveCfg = Release|Any CPU
		{5B007871-0759-420E-A392-D90CB3E2B0C1}.Release|Any CPU.Build.0 = Release|Any CPU
	EndGlobalSection
	GlobalSection(SolutionProperties) = preSolution
		HideSolutionNode = FALSE
	EndGlobalSection
	GlobalSection(ExtensibilityGlobals) = postSolution
		SolutionGuid = {54AA39C1-7D8D-4BC0-82E9-DB121890DC5D}
	EndGlobalSection
EndGlobal
